
Microsoft Visual Studio Solution File, Format Version 12.00
# Visual Studio Version 17
VisualStudioVersion = 17.9.34728.123
MinimumVisualStudioVersion = 10.0.40219.1
Project("{FAE04EC0-301F-11D3-BF4B-00C04F79EFBC}") = "MvcDockersComics", "MvcDockersComics\MvcDockersComics.csproj", "{94FC8815-A0AA-441C-90CF-26747FAD983B}"
EndProject
Global
	GlobalSection(SolutionConfigurationPlatforms) = preSolution
		Debug|Any CPU = Debug|Any CPU
		Release|Any CPU = Release|Any CPU
	EndGlobalSection
	GlobalSection(ProjectConfigurationPlatforms) = postSolution
		{94FC8815-A0AA-441C-90CF-26747FAD983B}.Debug|Any CPU.ActiveCfg = Debug|Any CPU
		{94FC8815-A0AA-441C-90CF-26747FAD983B}.Debug|Any CPU.Build.0 = Debug|Any CPU
		{94FC8815-A0AA-441C-90CF-26747FAD983B}.Release|Any CPU.ActiveCfg = Release|Any CPU
		{94FC8815-A0AA-441C-90CF-26747FAD983B}.Release|Any CPU.Build.0 = Release|Any CPU
	EndGlobalSection
	GlobalSection(SolutionProperties) = preSolution
		HideSolutionNode = FALSE
	EndGlobalSection
	GlobalSection(ExtensibilityGlobals) = postSolution
		SolutionGuid = {5462BF59-16D5-49B5-99C0-FA37FE8498FD}
	EndGlobalSection
EndGlobal
